
Microsoft Visual Studio Solution File, Format Version 12.00
# Visual Studio Version 17
VisualStudioVersion = 17.4.33205.214
MinimumVisualStudioVersion = 10.0.40219.1
Project("{888888A0-9F3D-457C-B088-3A5042F75D52}") = "Snake", "Snake.pyproj", "{75F2A460-644D-49D9-81FC-C1A609D23817}"
EndProject
Global
	GlobalSection(SolutionConfigurationPlatforms) = preSolution
		Debug|Any CPU = Debug|Any CPU
		Release|Any CPU = Release|Any CPU
	EndGlobalSection
	GlobalSection(ProjectConfigurationPlatforms) = postSolution
		{75F2A460-644D-49D9-81FC-C1A609D23817}.Debug|Any CPU.ActiveCfg = Debug|Any CPU
		{75F2A460-644D-49D9-81FC-C1A609D23817}.Release|Any CPU.ActiveCfg = Release|Any CPU
	EndGlobalSection
	GlobalSection(SolutionProperties) = preSolution
		HideSolutionNode = FALSE
	EndGlobalSection
	GlobalSection(ExtensibilityGlobals) = postSolution
		SolutionGuid = {788EF5E9-E568-44DD-AFAF-8BBFF07B2FC7}
	EndGlobalSection
EndGlobal
